
Microsoft Visual Studio Solution File, Format Version 12.00
# Visual Studio Version 17
VisualStudioVersion = 17.7.34003.232
MinimumVisualStudioVersion = 10.0.40219.1
Project("{9A19103F-16F7-4668-BE54-9A1E7A4F7556}") = "Integration", "Integration\Integration.csproj", "{CA89F56A-45B3-4CB8-82F1-104A99475121}"
EndProject
Project("{9A19103F-16F7-4668-BE54-9A1E7A4F7556}") = "Core.App", "Core.App\Core.App.csproj", "{7B78DACA-0BDC-4422-86F1-B73579C54AF6}"
EndProject
Project("{9A19103F-16F7-4668-BE54-9A1E7A4F7556}") = "Pre.MultiPlatform", "Pre.MultiPlatform\Pre.MultiPlatform.csproj", "{24D6B39E-F923-4CE8-94AC-B7A975C23BE8}"
EndProject
Project("{9A19103F-16F7-4668-BE54-9A1E7A4F7556}") = "WebApi", "WebApi\WebApi.csproj", "{BAA11224-5FC9-4C68-9287-C0DC18772316}"
EndProject
Project("{FAE04EC0-301F-11D3-BF4B-00C04F79EFBC}") = "Pre.Multiplatform.Blazor", "Pre.Multiplatform.Blazor\Pre.Multiplatform.Blazor.csproj", "{C1F889D1-AABF-4F5B-AA39-1DB90BFCE823}"
EndProject
Global
	GlobalSection(SolutionConfigurationPlatforms) = preSolution
		Debug|Any CPU = Debug|Any CPU
		Release|Any CPU = Release|Any CPU
	EndGlobalSection
	GlobalSection(ProjectConfigurationPlatforms) = postSolution
		{CA89F56A-45B3-4CB8-82F1-104A99475121}.Debug|Any CPU.ActiveCfg = Debug|Any CPU
		{CA89F56A-45B3-4CB8-82F1-104A99475121}.Debug|Any CPU.Build.0 = Debug|Any CPU
		{CA89F56A-45B3-4CB8-82F1-104A99475121}.Release|Any CPU.ActiveCfg = Release|Any CPU
		{CA89F56A-45B3-4CB8-82F1-104A99475121}.Release|Any CPU.Build.0 = Release|Any CPU
		{7B78DACA-0BDC-4422-86F1-B73579C54AF6}.Debug|Any CPU.ActiveCfg = Debug|Any CPU
		{7B78DACA-0BDC-4422-86F1-B73579C54AF6}.Debug|Any CPU.Build.0 = Debug|Any CPU
		{7B78DACA-0BDC-4422-86F1-B73579C54AF6}.Release|Any CPU.ActiveCfg = Release|Any CPU
		{7B78DACA-0BDC-4422-86F1-B73579C54AF6}.Release|Any CPU.Build.0 = Release|Any CPU
		{24D6B39E-F923-4CE8-94AC-B7A975C23BE8}.Debug|Any CPU.ActiveCfg = Debug|Any CPU
		{24D6B39E-F923-4CE8-94AC-B7A975C23BE8}.Debug|Any CPU.Build.0 = Debug|Any CPU
		{24D6B39E-F923-4CE8-94AC-B7A975C23BE8}.Debug|Any CPU.Deploy.0 = Debug|Any CPU
		{24D6B39E-F923-4CE8-94AC-B7A975C23BE8}.Release|Any CPU.ActiveCfg = Release|Any CPU
		{24D6B39E-F923-4CE8-94AC-B7A975C23BE8}.Release|Any CPU.Build.0 = Release|Any CPU
		{24D6B39E-F923-4CE8-94AC-B7A975C23BE8}.Release|Any CPU.Deploy.0 = Release|Any CPU
		{BAA11224-5FC9-4C68-9287-C0DC18772316}.Debug|Any CPU.ActiveCfg = Debug|Any CPU
		{BAA11224-5FC9-4C68-9287-C0DC18772316}.Debug|Any CPU.Build.0 = Debug|Any CPU
		{BAA11224-5FC9-4C68-9287-C0DC18772316}.Release|Any CPU.ActiveCfg = Release|Any CPU
		{BAA11224-5FC9-4C68-9287-C0DC18772316}.Release|Any CPU.Build.0 = Release|Any CPU
		{C1F889D1-AABF-4F5B-AA39-1DB90BFCE823}.Debug|Any CPU.ActiveCfg = Debug|Any CPU
		{C1F889D1-AABF-4F5B-AA39-1DB90BFCE823}.Debug|Any CPU.Build.0 = Debug|Any CPU
		{C1F889D1-AABF-4F5B-AA39-1DB90BFCE823}.Debug|Any CPU.Deploy.0 = Debug|Any CPU
		{C1F889D1-AABF-4F5B-AA39-1DB90BFCE823}.Release|Any CPU.ActiveCfg = Release|Any CPU
		{C1F889D1-AABF-4F5B-AA39-1DB90BFCE823}.Release|Any CPU.Build.0 = Release|Any CPU
		{C1F889D1-AABF-4F5B-AA39-1DB90BFCE823}.Release|Any CPU.Deploy.0 = Release|Any CPU
	EndGlobalSection
	GlobalSection(SolutionProperties) = preSolution
		HideSolutionNode = FALSE
	EndGlobalSection
	GlobalSection(ExtensibilityGlobals) = postSolution
		SolutionGuid = {3B221A4A-06D0-4312-BF10-E361093C012C}
	EndGlobalSection
EndGlobal
